{
  "originHash" : "d1875f3a755a12d0183acd45c7fad90424247b40272cab44ba402448bd5b3e60",
  "pins" : [
    {
      "identity" : "nuke",
      "kind" : "remoteSourceControl",
      "location" : "https://github.com/kean/Nuke",
      "state" : {
        "revision" : "63a8fcbd6621340a2410bc3e9575ac97058615f4",
        "version" : "13.0.6"
      }
    },
    {
      "identity" : "swiftui-shimmer",
      "kind" : "remoteSourceControl",
      "location" : "https://github.com/markiv/SwiftUI-Shimmer",
      "state" : {
        "revision" : "0226e21f9bf355d40e07e5f5e1c33679d50e167f",
        "version" : "1.5.1"
      }
    },
    {
      "identity" : "tagcloud",
      "kind" : "remoteSourceControl",
      "location" : "https://github.com/yarspirin/TagCloud.git",
      "state" : {
        "revision" : "81c1019541c2748cfecff4eabc05ca0bdcaa3713",
        "version" : "1.0.4"
      }
    }
  ],
  "version" : 3
}
