{
  "originHash" : "527f246d722434629157768cf87f572c7060ec0e31c300abefd197d6834d8cc8",
  "pins" : [
    {
      "identity" : "nuke",
      "kind" : "remoteSourceControl",
      "location" : "https://github.com/kean/Nuke",
      "state" : {
        "revision" : "63a8fcbd6621340a2410bc3e9575ac97058615f4",
        "version" : "13.0.6"
      }
    },
    {
      "identity" : "tagcloud",
      "kind" : "remoteSourceControl",
      "location" : "https://github.com/yarspirin/TagCloud.git",
      "state" : {
        "revision" : "81c1019541c2748cfecff4eabc05ca0bdcaa3713",
        "version" : "1.0.4"
      }
    }
  ],
  "version" : 3
}
